
Microsoft Visual Studio Solution File, Format Version 12.00
# Visual Studio Version 17
VisualStudioVersion = 17.13.35913.81 d17.13
MinimumVisualStudioVersion = 10.0.40219.1
Project("{FAE04EC0-301F-11D3-BF4B-00C04F79EFBC}") = "Presentation", "Presentation\Presentation.csproj", "{3785BB8E-0703-4B7D-86E5-34C18120E3E2}"
EndProject
Project("{FAE04EC0-301F-11D3-BF4B-00C04F79EFBC}") = "Infrastructure", "Infrastructure\Infrastructure.csproj", "{12A3CB8B-4944-4A37-9A6B-83DE0E1D4E7A}"
EndProject
Global
	GlobalSection(SolutionConfigurationPlatforms) = preSolution
		Debug|Any CPU = Debug|Any CPU
		Release|Any CPU = Release|Any CPU
	EndGlobalSection
	GlobalSection(ProjectConfigurationPlatforms) = postSolution
		{3785BB8E-0703-4B7D-86E5-34C18120E3E2}.Debug|Any CPU.ActiveCfg = Debug|Any CPU
		{3785BB8E-0703-4B7D-86E5-34C18120E3E2}.Debug|Any CPU.Build.0 = Debug|Any CPU
		{3785BB8E-0703-4B7D-86E5-34C18120E3E2}.Release|Any CPU.ActiveCfg = Release|Any CPU
		{3785BB8E-0703-4B7D-86E5-34C18120E3E2}.Release|Any CPU.Build.0 = Release|Any CPU
		{12A3CB8B-4944-4A37-9A6B-83DE0E1D4E7A}.Debug|Any CPU.ActiveCfg = Debug|Any CPU
		{12A3CB8B-4944-4A37-9A6B-83DE0E1D4E7A}.Debug|Any CPU.Build.0 = Debug|Any CPU
		{12A3CB8B-4944-4A37-9A6B-83DE0E1D4E7A}.Release|Any CPU.ActiveCfg = Release|Any CPU
		{12A3CB8B-4944-4A37-9A6B-83DE0E1D4E7A}.Release|Any CPU.Build.0 = Release|Any CPU
	EndGlobalSection
	GlobalSection(SolutionProperties) = preSolution
		HideSolutionNode = FALSE
	EndGlobalSection
	GlobalSection(ExtensibilityGlobals) = postSolution
		SolutionGuid = {1499CE4A-803F-4640-B1B0-0A907C3B9E9B}
	EndGlobalSection
EndGlobal
